// !$*UTF8*$!
{
	archiveVersion = 1;
	classes = {
	};
	objectVersion = 50;
	objects = {

/* Begin PBXBuildFile section */
		63005CEE21E34497007092CA /* DropboxUploader.swift in Sources */ = {isa = PBXBuildFile; fileRef = 63005CED21E34497007092CA /* DropboxUploader.swift */; };
		63005CF921E48F77007092CA /* TransferProgressView.swift in Sources */ = {isa = PBXBuildFile; fileRef = 63005CF821E48F77007092CA /* TransferProgressView.swift */; };
		630B6E0821C6949500AE1CBF /* FileListController.swift in Sources */ = {isa = PBXBuildFile; fileRef = 630B6E0721C6949500AE1CBF /* FileListController.swift */; };
		630B6E1021CA4F0200AE1CBF /* CustomFileListCell.swift in Sources */ = {isa = PBXBuildFile; fileRef = 630B6E0F21CA4F0200AE1CBF /* CustomFileListCell.swift */; };
		631AF85D235ACB8B00994E88 /* AttributeViewController.swift in Sources */ = {isa = PBXBuildFile; fileRef = 631AF85C235ACB8B00994E88 /* AttributeViewController.swift */; };
		632FD1772144B37900CFE5EF /* LocationFinder.swift in Sources */ = {isa = PBXBuildFile; fileRef = 632FD1762144B37900CFE5EF /* LocationFinder.swift */; };
		633998DA2212CFE8007C14F8 /* KMLFileBuilder.swift in Sources */ = {isa = PBXBuildFile; fileRef = 633998D92212CFE8007C14F8 /* KMLFileBuilder.swift */; };
		63436C99214374F3002A6EC6 /* AppDelegate.swift in Sources */ = {isa = PBXBuildFile; fileRef = 63436C98214374F3002A6EC6 /* AppDelegate.swift */; };
		63436C9B214374F3002A6EC6 /* ViewController.swift in Sources */ = {isa = PBXBuildFile; fileRef = 63436C9A214374F3002A6EC6 /* ViewController.swift */; };
		63436C9E214374F3002A6EC6 /* Main.storyboard in Resources */ = {isa = PBXBuildFile; fileRef = 63436C9C214374F3002A6EC6 /* Main.storyboard */; };
		63436CA1214374F3002A6EC6 /* CaptureScape.xcdatamodeld in Sources */ = {isa = PBXBuildFile; fileRef = 63436C9F214374F3002A6EC6 /* CaptureScape.xcdatamodeld */; };
		63436CA3214374F6002A6EC6 /* Assets.xcassets in Resources */ = {isa = PBXBuildFile; fileRef = 63436CA2214374F6002A6EC6 /* Assets.xcassets */; };
		6354DABF21D5049300D2A72C /* FileViewController.swift in Sources */ = {isa = PBXBuildFile; fileRef = 6354DABE21D5049300D2A72C /* FileViewController.swift */; };
		6355C70621BF8D0200E5AB55 /* CustomButton.swift in Sources */ = {isa = PBXBuildFile; fileRef = 6355C70521BF8D0200E5AB55 /* CustomButton.swift */; };
		6357188021BF77E100655BCB /* CameraView.swift in Sources */ = {isa = PBXBuildFile; fileRef = 6357187F21BF77E100655BCB /* CameraView.swift */; };
		6357188521BF7C7500655BCB /* MapView.swift in Sources */ = {isa = PBXBuildFile; fileRef = 6357188421BF7C7500655BCB /* MapView.swift */; };
		637DA28222212A35004C67CB /* EXIFDataReaderWriter.swift in Sources */ = {isa = PBXBuildFile; fileRef = 637DA28122212A35004C67CB /* EXIFDataReaderWriter.swift */; };
		6399A94B22D9B90A00F628AA /* SpeechRecognition.swift in Sources */ = {isa = PBXBuildFile; fileRef = 6399A94A22D9B90A00F628AA /* SpeechRecognition.swift */; };
		6399A95022DD2D6A00F628AA /* AudioExtractor.swift in Sources */ = {isa = PBXBuildFile; fileRef = 6399A94F22DD2D6A00F628AA /* AudioExtractor.swift */; };
		6399A95222FA8D4000F628AA /* AngleReader.swift in Sources */ = {isa = PBXBuildFile; fileRef = 6399A95122FA8D4000F628AA /* AngleReader.swift */; };
		6399A95422FEDE9A00F628AA /* LicenseValidator.swift in Sources */ = {isa = PBXBuildFile; fileRef = 6399A95322FEDE9A00F628AA /* LicenseValidator.swift */; };
		639C39CC21AAB7D7008B59E1 /* DirectoryHandler.swift in Sources */ = {isa = PBXBuildFile; fileRef = 639C39CB21AAB7D7008B59E1 /* DirectoryHandler.swift */; };
		63C621312302705300527ECD /* UserSettingsModel.swift in Sources */ = {isa = PBXBuildFile; fileRef = 63C621302302705300527ECD /* UserSettingsModel.swift */; };
		D2EC7A980A6BA72C8022860A /* Pods_CaptureScape.framework in Frameworks */ = {isa = PBXBuildFile; fileRef = 10DB3DC9F974EAEA7568C416 /* Pods_CaptureScape.framework */; };
		EE58C5D624B7E74F001A8B95 /* GPUImage.framework in Frameworks */ = {isa = PBXBuildFile; fileRef = EE58C5D324B7E70D001A8B95 /* GPUImage.framework */; };
		EE58C5D724B7E74F001A8B95 /* GPUImage.framework in Embed Frameworks */ = {isa = PBXBuildFile; fileRef = EE58C5D324B7E70D001A8B95 /* GPUImage.framework */; settings = {ATTRIBUTES = (CodeSignOnCopy, RemoveHeadersOnCopy, ); }; };
/* End PBXBuildFile section */

/* Begin PBXContainerItemProxy section */
		EE58C5CE24B7E70D001A8B95 /* PBXContainerItemProxy */ = {
			isa = PBXContainerItemProxy;
			containerPortal = EE58C5C724B7E70D001A8B95 /* GPUImage.xcodeproj */;
			proxyType = 2;
			remoteGlobalIDString = BC6E7CAB1C39A9D8006DF678;
			remoteInfo = GPUImage_macOS;
		};
		EE58C5D024B7E70D001A8B95 /* PBXContainerItemProxy */ = {
			isa = PBXContainerItemProxy;
			containerPortal = EE58C5C724B7E70D001A8B95 /* GPUImage.xcodeproj */;
			proxyType = 2;
			remoteGlobalIDString = BC6E7CB51C39A9D8006DF678;
			remoteInfo = GPUImageTests_macOS;
		};
		EE58C5D224B7E70D001A8B95 /* PBXContainerItemProxy */ = {
			isa = PBXContainerItemProxy;
			containerPortal = EE58C5C724B7E70D001A8B95 /* GPUImage.xcodeproj */;
			proxyType = 2;
			remoteGlobalIDString = BC9E34E91E524A2200B8604F;
			remoteInfo = GPUImage_iOS;
		};
		EE58C5D424B7E70D001A8B95 /* PBXContainerItemProxy */ = {
			isa = PBXContainerItemProxy;
			containerPortal = EE58C5C724B7E70D001A8B95 /* GPUImage.xcodeproj */;
			proxyType = 2;
			remoteGlobalIDString = BC9E34F11E524A2200B8604F;
			remoteInfo = GPUImageTests_iOS;
		};
/* End PBXContainerItemProxy section */

/* Begin PBXCopyFilesBuildPhase section */
		EE58C5D824B7E74F001A8B95 /* Embed Frameworks */ = {
			isa = PBXCopyFilesBuildPhase;
			buildActionMask = 2147483647;
			dstPath = "";
			dstSubfolderSpec = 10;
			files = (
				EE58C5D724B7E74F001A8B95 /* GPUImage.framework in Embed Frameworks */,
			);
			name = "Embed Frameworks";
			runOnlyForDeploymentPostprocessing = 0;
		};
/* End PBXCopyFilesBuildPhase section */

/* Begin PBXFileReference section */
		10DB3DC9F974EAEA7568C416 /* Pods_CaptureScape.framework */ = {isa = PBXFileReference; explicitFileType = wrapper.framework; includeInIndex = 0; path = Pods_CaptureScape.framework; sourceTree = BUILT_PRODUCTS_DIR; };
		63005CED21E34497007092CA /* DropboxUploader.swift */ = {isa = PBXFileReference; lastKnownFileType = sourcecode.swift; path = DropboxUploader.swift; sourceTree = "<group>"; };
		63005CF821E48F77007092CA /* TransferProgressView.swift */ = {isa = PBXFileReference; lastKnownFileType = sourcecode.swift; path = TransferProgressView.swift; sourceTree = "<group>"; };
		630B6E0721C6949500AE1CBF /* FileListController.swift */ = {isa = PBXFileReference; lastKnownFileType = sourcecode.swift; path = FileListController.swift; sourceTree = "<group>"; };
		630B6E0F21CA4F0200AE1CBF /* CustomFileListCell.swift */ = {isa = PBXFileReference; lastKnownFileType = sourcecode.swift; path = CustomFileListCell.swift; sourceTree = "<group>"; };
		631AF85C235ACB8B00994E88 /* AttributeViewController.swift */ = {isa = PBXFileReference; fileEncoding = 4; lastKnownFileType = sourcecode.swift; path = AttributeViewController.swift; sourceTree = "<group>"; };
		632FD1762144B37900CFE5EF /* LocationFinder.swift */ = {isa = PBXFileReference; lastKnownFileType = sourcecode.swift; path = LocationFinder.swift; sourceTree = "<group>"; };
		633998D92212CFE8007C14F8 /* KMLFileBuilder.swift */ = {isa = PBXFileReference; lastKnownFileType = sourcecode.swift; path = KMLFileBuilder.swift; sourceTree = "<group>"; };
		63436C95214374F3002A6EC6 /* CaptureScape.app */ = {isa = PBXFileReference; explicitFileType = wrapper.application; includeInIndex = 0; path = CaptureScape.app; sourceTree = BUILT_PRODUCTS_DIR; };
		63436C98214374F3002A6EC6 /* AppDelegate.swift */ = {isa = PBXFileReference; lastKnownFileType = sourcecode.swift; path = AppDelegate.swift; sourceTree = "<group>"; };
		63436C9A214374F3002A6EC6 /* ViewController.swift */ = {isa = PBXFileReference; lastKnownFileType = sourcecode.swift; path = ViewController.swift; sourceTree = "<group>"; };
		63436C9D214374F3002A6EC6 /* Base */ = {isa = PBXFileReference; lastKnownFileType = file.storyboard; name = Base; path = Base.lproj/Main.storyboard; sourceTree = "<group>"; };
		63436CA0214374F3002A6EC6 /* CapScape.xcdatamodel */ = {isa = PBXFileReference; lastKnownFileType = wrapper.xcdatamodel; path = CapScape.xcdatamodel; sourceTree = "<group>"; };
		63436CA2214374F6002A6EC6 /* Assets.xcassets */ = {isa = PBXFileReference; lastKnownFileType = folder.assetcatalog; path = Assets.xcassets; sourceTree = "<group>"; };
		63436CA7214374F6002A6EC6 /* Info.plist */ = {isa = PBXFileReference; lastKnownFileType = text.plist.xml; path = Info.plist; sourceTree = "<group>"; };
		6354DABE21D5049300D2A72C /* FileViewController.swift */ = {isa = PBXFileReference; lastKnownFileType = sourcecode.swift; path = FileViewController.swift; sourceTree = "<group>"; };
		6355C70521BF8D0200E5AB55 /* CustomButton.swift */ = {isa = PBXFileReference; lastKnownFileType = sourcecode.swift; path = CustomButton.swift; sourceTree = "<group>"; };
		6357187F21BF77E100655BCB /* CameraView.swift */ = {isa = PBXFileReference; lastKnownFileType = sourcecode.swift; path = CameraView.swift; sourceTree = "<group>"; };
		6357188421BF7C7500655BCB /* MapView.swift */ = {isa = PBXFileReference; lastKnownFileType = sourcecode.swift; path = MapView.swift; sourceTree = "<group>"; };
		637DA28122212A35004C67CB /* EXIFDataReaderWriter.swift */ = {isa = PBXFileReference; lastKnownFileType = sourcecode.swift; path = EXIFDataReaderWriter.swift; sourceTree = "<group>"; };
		638D702F221D5C14005128C6 /* CaptureScape.entitlements */ = {isa = PBXFileReference; lastKnownFileType = text.plist.entitlements; path = CaptureScape.entitlements; sourceTree = "<group>"; };
		6399A94A22D9B90A00F628AA /* SpeechRecognition.swift */ = {isa = PBXFileReference; lastKnownFileType = sourcecode.swift; path = SpeechRecognition.swift; sourceTree = "<group>"; };
		6399A94F22DD2D6A00F628AA /* AudioExtractor.swift */ = {isa = PBXFileReference; lastKnownFileType = sourcecode.swift; path = AudioExtractor.swift; sourceTree = "<group>"; };
		6399A95122FA8D4000F628AA /* AngleReader.swift */ = {isa = PBXFileReference; lastKnownFileType = sourcecode.swift; path = AngleReader.swift; sourceTree = "<group>"; };
		6399A95322FEDE9A00F628AA /* LicenseValidator.swift */ = {isa = PBXFileReference; lastKnownFileType = sourcecode.swift; path = LicenseValidator.swift; sourceTree = "<group>"; };
		639C39CB21AAB7D7008B59E1 /* DirectoryHandler.swift */ = {isa = PBXFileReference; lastKnownFileType = sourcecode.swift; path = DirectoryHandler.swift; sourceTree = "<group>"; };
		63C621302302705300527ECD /* UserSettingsModel.swift */ = {isa = PBXFileReference; lastKnownFileType = sourcecode.swift; path = UserSettingsModel.swift; sourceTree = "<group>"; };
		D6AA9E94F9651F907E6D8AFA /* Pods-CaptureScape.release.xcconfig */ = {isa = PBXFileReference; includeInIndex = 1; lastKnownFileType = text.xcconfig; name = "Pods-CaptureScape.release.xcconfig"; path = "Pods/Target Support Files/Pods-CaptureScape/Pods-CaptureScape.release.xcconfig"; sourceTree = "<group>"; };
		DA953C9F6D59E7497615E71D /* Pods-CaptureScape.debug.xcconfig */ = {isa = PBXFileReference; includeInIndex = 1; lastKnownFileType = text.xcconfig; name = "Pods-CaptureScape.debug.xcconfig"; path = "Pods/Target Support Files/Pods-CaptureScape/Pods-CaptureScape.debug.xcconfig"; sourceTree = "<group>"; };
		EE58C5C724B7E70D001A8B95 /* GPUImage.xcodeproj */ = {isa = PBXFileReference; lastKnownFileType = "wrapper.pb-project"; name = GPUImage.xcodeproj; path = ../../../../Downloads/GPUImage2/framework/GPUImage.xcodeproj; sourceTree = "<group>"; };
/* End PBXFileReference section */

/* Begin PBXFrameworksBuildPhase section */
		63436C92214374F3002A6EC6 /* Frameworks */ = {
			isa = PBXFrameworksBuildPhase;
			buildActionMask = 2147483647;
			files = (
				D2EC7A980A6BA72C8022860A /* Pods_CaptureScape.framework in Frameworks */,
				EE58C5D624B7E74F001A8B95 /* GPUImage.framework in Frameworks */,
			);
			runOnlyForDeploymentPostprocessing = 0;
		};
/* End PBXFrameworksBuildPhase section */

/* Begin PBXGroup section */
		39525C8E7A6D5B33BE72A966 /* Pods */ = {
			isa = PBXGroup;
			children = (
				DA953C9F6D59E7497615E71D /* Pods-CaptureScape.debug.xcconfig */,
				D6AA9E94F9651F907E6D8AFA /* Pods-CaptureScape.release.xcconfig */,
			);
			name = Pods;
			sourceTree = "<group>";
		};
		63436C8C214374F3002A6EC6 = {
			isa = PBXGroup;
			children = (
				EE58C5C724B7E70D001A8B95 /* GPUImage.xcodeproj */,
				63436C97214374F3002A6EC6 /* CaptureScape */,
				63436C96214374F3002A6EC6 /* Products */,
				638FB6B3219E8A03006112D5 /* Frameworks */,
				39525C8E7A6D5B33BE72A966 /* Pods */,
			);
			sourceTree = "<group>";
		};
		63436C96214374F3002A6EC6 /* Products */ = {
			isa = PBXGroup;
			children = (
				63436C95214374F3002A6EC6 /* CaptureScape.app */,
			);
			name = Products;
			sourceTree = "<group>";
		};
		63436C97214374F3002A6EC6 /* CaptureScape */ = {
			isa = PBXGroup;
			children = (
				63436CA2214374F6002A6EC6 /* Assets.xcassets */,
				63436C98214374F3002A6EC6 /* AppDelegate.swift */,
				63436C9A214374F3002A6EC6 /* ViewController.swift */,
				631AF85C235ACB8B00994E88 /* AttributeViewController.swift */,
				630B6E0721C6949500AE1CBF /* FileListController.swift */,
				6354DABE21D5049300D2A72C /* FileViewController.swift */,
				63005CF821E48F77007092CA /* TransferProgressView.swift */,
				63436C9C214374F3002A6EC6 /* Main.storyboard */,
				63436CA7214374F6002A6EC6 /* Info.plist */,
				63436C9F214374F3002A6EC6 /* CaptureScape.xcdatamodeld */,
				632FD1762144B37900CFE5EF /* LocationFinder.swift */,
				639C39CB21AAB7D7008B59E1 /* DirectoryHandler.swift */,
				6357187F21BF77E100655BCB /* CameraView.swift */,
				6357188421BF7C7500655BCB /* MapView.swift */,
				6355C70521BF8D0200E5AB55 /* CustomButton.swift */,
				630B6E0F21CA4F0200AE1CBF /* CustomFileListCell.swift */,
				63005CED21E34497007092CA /* DropboxUploader.swift */,
				633998D92212CFE8007C14F8 /* KMLFileBuilder.swift */,
				637DA28122212A35004C67CB /* EXIFDataReaderWriter.swift */,
				6399A94A22D9B90A00F628AA /* SpeechRecognition.swift */,
				6399A94F22DD2D6A00F628AA /* AudioExtractor.swift */,
				6399A95122FA8D4000F628AA /* AngleReader.swift */,
				6399A95322FEDE9A00F628AA /* LicenseValidator.swift */,
				63C621302302705300527ECD /* UserSettingsModel.swift */,
				638D702F221D5C14005128C6 /* CaptureScape.entitlements */,
			);
			path = CaptureScape;
			sourceTree = "<group>";
		};
		638FB6B3219E8A03006112D5 /* Frameworks */ = {
			isa = PBXGroup;
			children = (
				10DB3DC9F974EAEA7568C416 /* Pods_CaptureScape.framework */,
			);
			name = Frameworks;
			sourceTree = "<group>";
		};
		EE58C5C824B7E70D001A8B95 /* Products */ = {
			isa = PBXGroup;
			children = (
				EE58C5CF24B7E70D001A8B95 /* GPUImage.framework */,
				EE58C5D124B7E70D001A8B95 /* GPUImageTests_macOS.xctest */,
				EE58C5D324B7E70D001A8B95 /* GPUImage.framework */,
				EE58C5D524B7E70D001A8B95 /* GPUImageTests_iOS.xctest */,
			);
			name = Products;
			sourceTree = "<group>";
		};
/* End PBXGroup section */

/* Begin PBXNativeTarget section */
		63436C94214374F3002A6EC6 /* CaptureScape */ = {
			isa = PBXNativeTarget;
			buildConfigurationList = 63436CAA214374F6002A6EC6 /* Build configuration list for PBXNativeTarget "CaptureScape" */;
			buildPhases = (
				E0E921BBCBB6B16F2FE7AB7A /* [CP] Check Pods Manifest.lock */,
				63436C91214374F3002A6EC6 /* Sources */,
				63436C92214374F3002A6EC6 /* Frameworks */,
				63436C93214374F3002A6EC6 /* Resources */,
				9A7A785EDA702D9552E0F50A /* [CP] Embed Pods Frameworks */,
				EE58C5D824B7E74F001A8B95 /* Embed Frameworks */,
			);
			buildRules = (
			);
			dependencies = (
			);
			name = CaptureScape;
			productName = CapScape;
			productReference = 63436C95214374F3002A6EC6 /* CaptureScape.app */;
			productType = "com.apple.product-type.application";
		};
/* End PBXNativeTarget section */

/* Begin PBXProject section */
		63436C8D214374F3002A6EC6 /* Project object */ = {
			isa = PBXProject;
			attributes = {
				LastSwiftUpdateCheck = 0940;
				LastUpgradeCheck = 0940;
				ORGANIZATIONNAME = "David Hartzog";
				TargetAttributes = {
					63436C94214374F3002A6EC6 = {
						CreatedOnToolsVersion = 9.4.1;
						SystemCapabilities = {
							com.apple.ApplicationGroups.iOS = {
								enabled = 0;
							};
							com.apple.BackgroundModes = {
								enabled = 0;
							};
						};
					};
				};
			};
			buildConfigurationList = 63436C90214374F3002A6EC6 /* Build configuration list for PBXProject "CaptureScape" */;
			compatibilityVersion = "Xcode 9.3";
			developmentRegion = en;
			hasScannedForEncodings = 0;
			knownRegions = (
				en,
				Base,
			);
			mainGroup = 63436C8C214374F3002A6EC6;
			productRefGroup = 63436C96214374F3002A6EC6 /* Products */;
			projectDirPath = "";
			projectReferences = (
				{
					ProductGroup = EE58C5C824B7E70D001A8B95 /* Products */;
					ProjectRef = EE58C5C724B7E70D001A8B95 /* GPUImage.xcodeproj */;
				},
			);
			projectRoot = "";
			targets = (
				63436C94214374F3002A6EC6 /* CaptureScape */,
			);
		};
/* End PBXProject section */

/* Begin PBXReferenceProxy section */
		EE58C5CF24B7E70D001A8B95 /* GPUImage.framework */ = {
			isa = PBXReferenceProxy;
			fileType = wrapper.framework;
			path = GPUImage.framework;
			remoteRef = EE58C5CE24B7E70D001A8B95 /* PBXContainerItemProxy */;
			sourceTree = BUILT_PRODUCTS_DIR;
		};
		EE58C5D124B7E70D001A8B95 /* GPUImageTests_macOS.xctest */ = {
			isa = PBXReferenceProxy;
			fileType = wrapper.cfbundle;
			path = GPUImageTests_macOS.xctest;
			remoteRef = EE58C5D024B7E70D001A8B95 /* PBXContainerItemProxy */;
			sourceTree = BUILT_PRODUCTS_DIR;
		};
		EE58C5D324B7E70D001A8B95 /* GPUImage.framework */ = {
			isa = PBXReferenceProxy;
			fileType = wrapper.framework;
			path = GPUImage.framework;
			remoteRef = EE58C5D224B7E70D001A8B95 /* PBXContainerItemProxy */;
			sourceTree = BUILT_PRODUCTS_DIR;
		};
		EE58C5D524B7E70D001A8B95 /* GPUImageTests_iOS.xctest */ = {
			isa = PBXReferenceProxy;
			fileType = wrapper.cfbundle;
			path = GPUImageTests_iOS.xctest;
			remoteRef = EE58C5D424B7E70D001A8B95 /* PBXContainerItemProxy */;
			sourceTree = BUILT_PRODUCTS_DIR;
		};
/* End PBXReferenceProxy section */

/* Begin PBXResourcesBuildPhase section */
		63436C93214374F3002A6EC6 /* Resources */ = {
			isa = PBXResourcesBuildPhase;
			buildActionMask = 2147483647;
			files = (
				63436CA3214374F6002A6EC6 /* Assets.xcassets in Resources */,
				63436C9E214374F3002A6EC6 /* Main.storyboard in Resources */,
			);
			runOnlyForDeploymentPostprocessing = 0;
		};
/* End PBXResourcesBuildPhase section */

/* Begin PBXShellScriptBuildPhase section */
		9A7A785EDA702D9552E0F50A /* [CP] Embed Pods Frameworks */ = {
			isa = PBXShellScriptBuildPhase;
			buildActionMask = 2147483647;
			files = (
			);
			inputFileListPaths = (
			);
			inputPaths = (
				"${SRCROOT}/Pods/Target Support Files/Pods-CaptureScape/Pods-CaptureScape-frameworks.sh",
				"${BUILT_PRODUCTS_DIR}/Alamofire/Alamofire.framework",
				"${BUILT_PRODUCTS_DIR}/SwiftyDropbox/SwiftyDropbox.framework",
			);
			name = "[CP] Embed Pods Frameworks";
			outputFileListPaths = (
			);
			outputPaths = (
				"${TARGET_BUILD_DIR}/${FRAMEWORKS_FOLDER_PATH}/Alamofire.framework",
				"${TARGET_BUILD_DIR}/${FRAMEWORKS_FOLDER_PATH}/SwiftyDropbox.framework",
			);
			runOnlyForDeploymentPostprocessing = 0;
			shellPath = /bin/sh;
			shellScript = "\"${SRCROOT}/Pods/Target Support Files/Pods-CaptureScape/Pods-CaptureScape-frameworks.sh\"\n";
			showEnvVarsInLog = 0;
		};
		E0E921BBCBB6B16F2FE7AB7A /* [CP] Check Pods Manifest.lock */ = {
			isa = PBXShellScriptBuildPhase;
			buildActionMask = 2147483647;
			files = (
			);
			inputFileListPaths = (
			);
			inputPaths = (
				"${PODS_PODFILE_DIR_PATH}/Podfile.lock",
				"${PODS_ROOT}/Manifest.lock",
			);
			name = "[CP] Check Pods Manifest.lock";
			outputFileListPaths = (
			);
			outputPaths = (
				"$(DERIVED_FILE_DIR)/Pods-CaptureScape-checkManifestLockResult.txt",
			);
			runOnlyForDeploymentPostprocessing = 0;
			shellPath = /bin/sh;
			shellScript = "diff \"${PODS_PODFILE_DIR_PATH}/Podfile.lock\" \"${PODS_ROOT}/Manifest.lock\" > /dev/null\nif [ $? != 0 ] ; then\n    # print error to STDERR\n    echo \"error: The sandbox is not in sync with the Podfile.lock. Run 'pod install' or update your CocoaPods installation.\" >&2\n    exit 1\nfi\n# This output is used by Xcode 'outputs' to avoid re-running this script phase.\necho \"SUCCESS\" > \"${SCRIPT_OUTPUT_FILE_0}\"\n";
			showEnvVarsInLog = 0;
		};
/* End PBXShellScriptBuildPhase section */

/* Begin PBXSourcesBuildPhase section */
		63436C91214374F3002A6EC6 /* Sources */ = {
			isa = PBXSourcesBuildPhase;
			buildActionMask = 2147483647;
			files = (
				6355C70621BF8D0200E5AB55 /* CustomButton.swift in Sources */,
				63005CEE21E34497007092CA /* DropboxUploader.swift in Sources */,
				631AF85D235ACB8B00994E88 /* AttributeViewController.swift in Sources */,
				6399A95222FA8D4000F628AA /* AngleReader.swift in Sources */,
				632FD1772144B37900CFE5EF /* LocationFinder.swift in Sources */,
				63436C9B214374F3002A6EC6 /* ViewController.swift in Sources */,
				6357188021BF77E100655BCB /* CameraView.swift in Sources */,
				630B6E1021CA4F0200AE1CBF /* CustomFileListCell.swift in Sources */,
				63436C99214374F3002A6EC6 /* AppDelegate.swift in Sources */,
				639C39CC21AAB7D7008B59E1 /* DirectoryHandler.swift in Sources */,
				630B6E0821C6949500AE1CBF /* FileListController.swift in Sources */,
				6357188521BF7C7500655BCB /* MapView.swift in Sources */,
				637DA28222212A35004C67CB /* EXIFDataReaderWriter.swift in Sources */,
				6399A95422FEDE9A00F628AA /* LicenseValidator.swift in Sources */,
				6399A94B22D9B90A00F628AA /* SpeechRecognition.swift in Sources */,
				63436CA1214374F3002A6EC6 /* CaptureScape.xcdatamodeld in Sources */,
				6399A95022DD2D6A00F628AA /* AudioExtractor.swift in Sources */,
				63005CF921E48F77007092CA /* TransferProgressView.swift in Sources */,
				6354DABF21D5049300D2A72C /* FileViewController.swift in Sources */,
				633998DA2212CFE8007C14F8 /* KMLFileBuilder.swift in Sources */,
				63C621312302705300527ECD /* UserSettingsModel.swift in Sources */,
			);
			runOnlyForDeploymentPostprocessing = 0;
		};
/* End PBXSourcesBuildPhase section */

/* Begin PBXVariantGroup section */
		63436C9C214374F3002A6EC6 /* Main.storyboard */ = {
			isa = PBXVariantGroup;
			children = (
				63436C9D214374F3002A6EC6 /* Base */,
			);
			name = Main.storyboard;
			sourceTree = "<group>";
		};
/* End PBXVariantGroup section */

/* Begin XCBuildConfiguration section */
		63436CA8214374F6002A6EC6 /* Debug */ = {
			isa = XCBuildConfiguration;
			buildSettings = {
				ALWAYS_SEARCH_USER_PATHS = NO;
				CLANG_ANALYZER_NONNULL = YES;
				CLANG_ANALYZER_NUMBER_OBJECT_CONVERSION = YES_AGGRESSIVE;
				CLANG_CXX_LANGUAGE_STANDARD = "gnu++14";
				CLANG_CXX_LIBRARY = "libc++";
				CLANG_ENABLE_MODULES = YES;
				CLANG_ENABLE_OBJC_ARC = YES;
				CLANG_ENABLE_OBJC_WEAK = YES;
				CLANG_WARN_BLOCK_CAPTURE_AUTORELEASING = YES;
				CLANG_WARN_BOOL_CONVERSION = YES;
				CLANG_WARN_COMMA = YES;
				CLANG_WARN_CONSTANT_CONVERSION = YES;
				CLANG_WARN_DEPRECATED_OBJC_IMPLEMENTATIONS = YES;
				CLANG_WARN_DIRECT_OBJC_ISA_USAGE = YES_ERROR;
				CLANG_WARN_DOCUMENTATION_COMMENTS = YES;
				CLANG_WARN_EMPTY_BODY = YES;
				CLANG_WARN_ENUM_CONVERSION = YES;
				CLANG_WARN_INFINITE_RECURSION = YES;
				CLANG_WARN_INT_CONVERSION = YES;
				CLANG_WARN_NON_LITERAL_NULL_CONVERSION = YES;
				CLANG_WARN_OBJC_IMPLICIT_RETAIN_SELF = YES;
				CLANG_WARN_OBJC_LITERAL_CONVERSION = YES;
				CLANG_WARN_OBJC_ROOT_CLASS = YES_ERROR;
				CLANG_WARN_RANGE_LOOP_ANALYSIS = YES;
				CLANG_WARN_STRICT_PROTOTYPES = YES;
				CLANG_WARN_SUSPICIOUS_MOVE = YES;
				CLANG_WARN_UNGUARDED_AVAILABILITY = YES_AGGRESSIVE;
				CLANG_WARN_UNREACHABLE_CODE = YES;
				CLANG_WARN__DUPLICATE_METHOD_MATCH = YES;
				CODE_SIGN_IDENTITY = "iPhone Developer";
				COPY_PHASE_STRIP = NO;
				DEBUG_INFORMATION_FORMAT = dwarf;
				ENABLE_STRICT_OBJC_MSGSEND = YES;
				ENABLE_TESTABILITY = YES;
				GCC_C_LANGUAGE_STANDARD = gnu11;
				GCC_DYNAMIC_NO_PIC = NO;
				GCC_NO_COMMON_BLOCKS = YES;
				GCC_OPTIMIZATION_LEVEL = 0;
				GCC_PREPROCESSOR_DEFINITIONS = (
					"DEBUG=1",
					"$(inherited)",
				);
				GCC_WARN_64_TO_32_BIT_CONVERSION = YES;
				GCC_WARN_ABOUT_RETURN_TYPE = YES_ERROR;
				GCC_WARN_UNDECLARED_SELECTOR = YES;
				GCC_WARN_UNINITIALIZED_AUTOS = YES_AGGRESSIVE;
				GCC_WARN_UNUSED_FUNCTION = YES;
				GCC_WARN_UNUSED_VARIABLE = YES;
				IPHONEOS_DEPLOYMENT_TARGET = 11.4;
				MTL_ENABLE_DEBUG_INFO = YES;
				ONLY_ACTIVE_ARCH = YES;
				SDKROOT = iphoneos;
				SWIFT_ACTIVE_COMPILATION_CONDITIONS = DEBUG;
				SWIFT_OPTIMIZATION_LEVEL = "-Onone";
			};
			name = Debug;
		};
		63436CA9214374F6002A6EC6 /* Release */ = {
			isa = XCBuildConfiguration;
			buildSettings = {
				ALWAYS_SEARCH_USER_PATHS = NO;
				CLANG_ANALYZER_NONNULL = YES;
				CLANG_ANALYZER_NUMBER_OBJECT_CONVERSION = YES_AGGRESSIVE;
				CLANG_CXX_LANGUAGE_STANDARD = "gnu++14";
				CLANG_CXX_LIBRARY = "libc++";
				CLANG_ENABLE_MODULES = YES;
				CLANG_ENABLE_OBJC_ARC = YES;
				CLANG_ENABLE_OBJC_WEAK = YES;
				CLANG_WARN_BLOCK_CAPTURE_AUTORELEASING = YES;
				CLANG_WARN_BOOL_CONVERSION = YES;
				CLANG_WARN_COMMA = YES;
				CLANG_WARN_CONSTANT_CONVERSION = YES;
				CLANG_WARN_DEPRECATED_OBJC_IMPLEMENTATIONS = YES;
				CLANG_WARN_DIRECT_OBJC_ISA_USAGE = YES_ERROR;
				CLANG_WARN_DOCUMENTATION_COMMENTS = YES;
				CLANG_WARN_EMPTY_BODY = YES;
				CLANG_WARN_ENUM_CONVERSION = YES;
				CLANG_WARN_INFINITE_RECURSION = YES;
				CLANG_WARN_INT_CONVERSION = YES;
				CLANG_WARN_NON_LITERAL_NULL_CONVERSION = YES;
				CLANG_WARN_OBJC_IMPLICIT_RETAIN_SELF = YES;
				CLANG_WARN_OBJC_LITERAL_CONVERSION = YES;
				CLANG_WARN_OBJC_ROOT_CLASS = YES_ERROR;
				CLANG_WARN_RANGE_LOOP_ANALYSIS = YES;
				CLANG_WARN_STRICT_PROTOTYPES = YES;
				CLANG_WARN_SUSPICIOUS_MOVE = YES;
				CLANG_WARN_UNGUARDED_AVAILABILITY = YES_AGGRESSIVE;
				CLANG_WARN_UNREACHABLE_CODE = YES;
				CLANG_WARN__DUPLICATE_METHOD_MATCH = YES;
				CODE_SIGN_IDENTITY = "iPhone Developer";
				COPY_PHASE_STRIP = NO;
				DEBUG_INFORMATION_FORMAT = "dwarf-with-dsym";
				ENABLE_NS_ASSERTIONS = NO;
				ENABLE_STRICT_OBJC_MSGSEND = YES;
				GCC_C_LANGUAGE_STANDARD = gnu11;
				GCC_NO_COMMON_BLOCKS = YES;
				GCC_WARN_64_TO_32_BIT_CONVERSION = YES;
				GCC_WARN_ABOUT_RETURN_TYPE = YES_ERROR;
				GCC_WARN_UNDECLARED_SELECTOR = YES;
				GCC_WARN_UNINITIALIZED_AUTOS = YES_AGGRESSIVE;
				GCC_WARN_UNUSED_FUNCTION = YES;
				GCC_WARN_UNUSED_VARIABLE = YES;
				IPHONEOS_DEPLOYMENT_TARGET = 11.4;
				MTL_ENABLE_DEBUG_INFO = NO;
				SDKROOT = iphoneos;
				SWIFT_COMPILATION_MODE = wholemodule;
				SWIFT_OPTIMIZATION_LEVEL = "-O";
				VALIDATE_PRODUCT = YES;
			};
			name = Release;
		};
		63436CAB214374F6002A6EC6 /* Debug */ = {
			isa = XCBuildConfiguration;
			baseConfigurationReference = DA953C9F6D59E7497615E71D /* Pods-CaptureScape.debug.xcconfig */;
			buildSettings = {
				ASSETCATALOG_COMPILER_APPICON_NAME = AppIcon;
				CODE_SIGN_STYLE = Automatic;
				DEVELOPMENT_TEAM = 42T65W8L3Z;
				INFOPLIST_FILE = "$(SRCROOT)/CaptureScape/Info.plist";
				IPHONEOS_DEPLOYMENT_TARGET = 12.0;
				LD_RUNPATH_SEARCH_PATHS = (
					"$(inherited)",
					"@executable_path/Frameworks",
				);
				PRODUCT_BUNDLE_IDENTIFIER = com.davidhartzog.CaptureScape;
				PRODUCT_NAME = "$(TARGET_NAME)";
				SWIFT_VERSION = 4.0;
				TARGETED_DEVICE_FAMILY = "1,2";
			};
			name = Debug;
		};
		63436CAC214374F6002A6EC6 /* Release */ = {
			isa = XCBuildConfiguration;
			baseConfigurationReference = D6AA9E94F9651F907E6D8AFA /* Pods-CaptureScape.release.xcconfig */;
			buildSettings = {
				ASSETCATALOG_COMPILER_APPICON_NAME = AppIcon;
				CODE_SIGN_STYLE = Automatic;
				DEVELOPMENT_TEAM = 42T65W8L3Z;
				INFOPLIST_FILE = "$(SRCROOT)/CaptureScape/Info.plist";
				IPHONEOS_DEPLOYMENT_TARGET = 12.0;
				LD_RUNPATH_SEARCH_PATHS = (
					"$(inherited)",
					"@executable_path/Frameworks",
				);
				PRODUCT_BUNDLE_IDENTIFIER = com.davidhartzog.CaptureScape;
				PRODUCT_NAME = "$(TARGET_NAME)";
				SWIFT_VERSION = 4.0;
				TARGETED_DEVICE_FAMILY = "1,2";
			};
			name = Release;
		};
/* End XCBuildConfiguration section */

/* Begin XCConfigurationList section */
		63436C90214374F3002A6EC6 /* Build configuration list for PBXProject "CaptureScape" */ = {
			isa = XCConfigurationList;
			buildConfigurations = (
				63436CA8214374F6002A6EC6 /* Debug */,
				63436CA9214374F6002A6EC6 /* Release */,
			);
			defaultConfigurationIsVisible = 0;
			defaultConfigurationName = Release;
		};
		63436CAA214374F6002A6EC6 /* Build configuration list for PBXNativeTarget "CaptureScape" */ = {
			isa = XCConfigurationList;
			buildConfigurations = (
				63436CAB214374F6002A6EC6 /* Debug */,
				63436CAC214374F6002A6EC6 /* Release */,
			);
			defaultConfigurationIsVisible = 0;
			defaultConfigurationName = Release;
		};
/* End XCConfigurationList section */

/* Begin XCVersionGroup section */
		63436C9F214374F3002A6EC6 /* CaptureScape.xcdatamodeld */ = {
			isa = XCVersionGroup;
			children = (
				63436CA0214374F3002A6EC6 /* CapScape.xcdatamodel */,
			);
			currentVersion = 63436CA0214374F3002A6EC6 /* CapScape.xcdatamodel */;
			path = CaptureScape.xcdatamodeld;
			sourceTree = "<group>";
			versionGroupType = wrapper.xcdatamodel;
		};
/* End XCVersionGroup section */
	};
	rootObject = 63436C8D214374F3002A6EC6 /* Project object */;
}
