// !$*UTF8*$!
{
	archiveVersion = 1;
	classes = {
	};
	objectVersion = 50;
	objects = {

/* Begin PBXBuildFile section */
		632FD1772144B37900CFE5EF /* LocationFinder.swift in Sources */ = {isa = PBXBuildFile; fileRef = 632FD1762144B37900CFE5EF /* LocationFinder.swift */; };
		63436C99214374F3002A6EC6 /* AppDelegate.swift in Sources */ = {isa = PBXBuildFile; fileRef = 63436C98214374F3002A6EC6 /* AppDelegate.swift */; };
		63436C9B214374F3002A6EC6 /* ViewController.swift in Sources */ = {isa = PBXBuildFile; fileRef = 63436C9A214374F3002A6EC6 /* ViewController.swift */; };
		63436C9E214374F3002A6EC6 /* Main.storyboard in Resources */ = {isa = PBXBuildFile; fileRef = 63436C9C214374F3002A6EC6 /* Main.storyboard */; };
		63436CA1214374F3002A6EC6 /* CapScape.xcdatamodeld in Sources */ = {isa = PBXBuildFile; fileRef = 63436C9F214374F3002A6EC6 /* CapScape.xcdatamodeld */; };
		63436CA3214374F6002A6EC6 /* Assets.xcassets in Resources */ = {isa = PBXBuildFile; fileRef = 63436CA2214374F6002A6EC6 /* Assets.xcassets */; };
		63436CA6214374F6002A6EC6 /* LaunchScreen.storyboard in Resources */ = {isa = PBXBuildFile; fileRef = 63436CA4214374F6002A6EC6 /* LaunchScreen.storyboard */; };
		63E71437215DB1C500CC417E /* VideoCapture.swift in Sources */ = {isa = PBXBuildFile; fileRef = 63E71436215DB1C500CC417E /* VideoCapture.swift */; };
		63E7143B215DB9B900CC417E /* PhotoCapture.swift in Sources */ = {isa = PBXBuildFile; fileRef = 63E7143A215DB9B900CC417E /* PhotoCapture.swift */; };
/* End PBXBuildFile section */

/* Begin PBXFileReference section */
		632FD1762144B37900CFE5EF /* LocationFinder.swift */ = {isa = PBXFileReference; lastKnownFileType = sourcecode.swift; path = LocationFinder.swift; sourceTree = "<group>"; };
		63436C95214374F3002A6EC6 /* CapScape.app */ = {isa = PBXFileReference; explicitFileType = wrapper.application; includeInIndex = 0; path = CapScape.app; sourceTree = BUILT_PRODUCTS_DIR; };
		63436C98214374F3002A6EC6 /* AppDelegate.swift */ = {isa = PBXFileReference; lastKnownFileType = sourcecode.swift; path = AppDelegate.swift; sourceTree = "<group>"; };
		63436C9A214374F3002A6EC6 /* ViewController.swift */ = {isa = PBXFileReference; lastKnownFileType = sourcecode.swift; path = ViewController.swift; sourceTree = "<group>"; };
		63436C9D214374F3002A6EC6 /* Base */ = {isa = PBXFileReference; lastKnownFileType = file.storyboard; name = Base; path = Base.lproj/Main.storyboard; sourceTree = "<group>"; };
		63436CA0214374F3002A6EC6 /* CapScape.xcdatamodel */ = {isa = PBXFileReference; lastKnownFileType = wrapper.xcdatamodel; path = CapScape.xcdatamodel; sourceTree = "<group>"; };
		63436CA2214374F6002A6EC6 /* Assets.xcassets */ = {isa = PBXFileReference; lastKnownFileType = folder.assetcatalog; path = Assets.xcassets; sourceTree = "<group>"; };
		63436CA5214374F6002A6EC6 /* Base */ = {isa = PBXFileReference; lastKnownFileType = file.storyboard; name = Base; path = Base.lproj/LaunchScreen.storyboard; sourceTree = "<group>"; };
		63436CA7214374F6002A6EC6 /* Info.plist */ = {isa = PBXFileReference; lastKnownFileType = text.plist.xml; path = Info.plist; sourceTree = "<group>"; };
		63E71436215DB1C500CC417E /* VideoCapture.swift */ = {isa = PBXFileReference; lastKnownFileType = sourcecode.swift; path = VideoCapture.swift; sourceTree = "<group>"; };
		63E7143A215DB9B900CC417E /* PhotoCapture.swift */ = {isa = PBXFileReference; lastKnownFileType = sourcecode.swift; path = PhotoCapture.swift; sourceTree = "<group>"; };
/* End PBXFileReference section */

/* Begin PBXFrameworksBuildPhase section */
		63436C92214374F3002A6EC6 /* Frameworks */ = {
			isa = PBXFrameworksBuildPhase;
			buildActionMask = 2147483647;
			files = (
			);
			runOnlyForDeploymentPostprocessing = 0;
		};
/* End PBXFrameworksBuildPhase section */

/* Begin PBXGroup section */
		63436C8C214374F3002A6EC6 = {
			isa = PBXGroup;
			children = (
				63436C97214374F3002A6EC6 /* CapScape */,
				63436C96214374F3002A6EC6 /* Products */,
			);
			sourceTree = "<group>";
		};
		63436C96214374F3002A6EC6 /* Products */ = {
			isa = PBXGroup;
			children = (
				63436C95214374F3002A6EC6 /* CapScape.app */,
			);
			name = Products;
			sourceTree = "<group>";
		};
		63436C97214374F3002A6EC6 /* CapScape */ = {
			isa = PBXGroup;
			children = (
				63436C98214374F3002A6EC6 /* AppDelegate.swift */,
				63436C9A214374F3002A6EC6 /* ViewController.swift */,
				63436C9C214374F3002A6EC6 /* Main.storyboard */,
				63436CA2214374F6002A6EC6 /* Assets.xcassets */,
				63436CA4214374F6002A6EC6 /* LaunchScreen.storyboard */,
				63436CA7214374F6002A6EC6 /* Info.plist */,
				63436C9F214374F3002A6EC6 /* CapScape.xcdatamodeld */,
				632FD1762144B37900CFE5EF /* LocationFinder.swift */,
				63E71436215DB1C500CC417E /* VideoCapture.swift */,
				63E7143A215DB9B900CC417E /* PhotoCapture.swift */,
			);
			path = CapScape;
			sourceTree = "<group>";
		};
/* End PBXGroup section */

/* Begin PBXNativeTarget section */
		63436C94214374F3002A6EC6 /* CapScape */ = {
			isa = PBXNativeTarget;
			buildConfigurationList = 63436CAA214374F6002A6EC6 /* Build configuration list for PBXNativeTarget "CapScape" */;
			buildPhases = (
				63436C91214374F3002A6EC6 /* Sources */,
				63436C92214374F3002A6EC6 /* Frameworks */,
				63436C93214374F3002A6EC6 /* Resources */,
			);
			buildRules = (
			);
			dependencies = (
			);
			name = CapScape;
			productName = CapScape;
			productReference = 63436C95214374F3002A6EC6 /* CapScape.app */;
			productType = "com.apple.product-type.application";
		};
/* End PBXNativeTarget section */

/* Begin PBXProject section */
		63436C8D214374F3002A6EC6 /* Project object */ = {
			isa = PBXProject;
			attributes = {
				LastSwiftUpdateCheck = 0940;
				LastUpgradeCheck = 0940;
				ORGANIZATIONNAME = "David Hartzog";
				TargetAttributes = {
					63436C94214374F3002A6EC6 = {
						CreatedOnToolsVersion = 9.4.1;
					};
				};
			};
			buildConfigurationList = 63436C90214374F3002A6EC6 /* Build configuration list for PBXProject "CapScape" */;
			compatibilityVersion = "Xcode 9.3";
			developmentRegion = en;
			hasScannedForEncodings = 0;
			knownRegions = (
				en,
				Base,
			);
			mainGroup = 63436C8C214374F3002A6EC6;
			productRefGroup = 63436C96214374F3002A6EC6 /* Products */;
			projectDirPath = "";
			projectRoot = "";
			targets = (
				63436C94214374F3002A6EC6 /* CapScape */,
			);
		};
/* End PBXProject section */

/* Begin PBXResourcesBuildPhase section */
		63436C93214374F3002A6EC6 /* Resources */ = {
			isa = PBXResourcesBuildPhase;
			buildActionMask = 2147483647;
			files = (
				63436CA6214374F6002A6EC6 /* LaunchScreen.storyboard in Resources */,
				63436CA3214374F6002A6EC6 /* Assets.xcassets in Resources */,
				63436C9E214374F3002A6EC6 /* Main.storyboard in Resources */,
			);
			runOnlyForDeploymentPostprocessing = 0;
		};
/* End PBXResourcesBuildPhase section */

/* Begin PBXSourcesBuildPhase section */
		63436C91214374F3002A6EC6 /* Sources */ = {
			isa = PBXSourcesBuildPhase;
			buildActionMask = 2147483647;
			files = (
				632FD1772144B37900CFE5EF /* LocationFinder.swift in Sources */,
				63E71437215DB1C500CC417E /* VideoCapture.swift in Sources */,
				63436C9B214374F3002A6EC6 /* ViewController.swift in Sources */,
				63436C99214374F3002A6EC6 /* AppDelegate.swift in Sources */,
				63436CA1214374F3002A6EC6 /* CapScape.xcdatamodeld in Sources */,
				63E7143B215DB9B900CC417E /* PhotoCapture.swift in Sources */,
			);
			runOnlyForDeploymentPostprocessing = 0;
		};
/* End PBXSourcesBuildPhase section */

/* Begin PBXVariantGroup section */
		63436C9C214374F3002A6EC6 /* Main.storyboard */ = {
			isa = PBXVariantGroup;
			children = (
				63436C9D214374F3002A6EC6 /* Base */,
			);
			name = Main.storyboard;
			sourceTree = "<group>";
		};
		63436CA4214374F6002A6EC6 /* LaunchScreen.storyboard */ = {
			isa = PBXVariantGroup;
			children = (
				63436CA5214374F6002A6EC6 /* Base */,
			);
			name = LaunchScreen.storyboard;
			sourceTree = "<group>";
		};
/* End PBXVariantGroup section */

/* Begin XCBuildConfiguration section */
		63436CA8214374F6002A6EC6 /* Debug */ = {
			isa = XCBuildConfiguration;
			buildSettings = {
				ALWAYS_SEARCH_USER_PATHS = NO;
				CLANG_ANALYZER_NONNULL = YES;
				CLANG_ANALYZER_NUMBER_OBJECT_CONVERSION = YES_AGGRESSIVE;
				CLANG_CXX_LANGUAGE_STANDARD = "gnu++14";
				CLANG_CXX_LIBRARY = "libc++";
				CLANG_ENABLE_MODULES = YES;
				CLANG_ENABLE_OBJC_ARC = YES;
				CLANG_ENABLE_OBJC_WEAK = YES;
				CLANG_WARN_BLOCK_CAPTURE_AUTORELEASING = YES;
				CLANG_WARN_BOOL_CONVERSION = YES;
				CLANG_WARN_COMMA = YES;
				CLANG_WARN_CONSTANT_CONVERSION = YES;
				CLANG_WARN_DEPRECATED_OBJC_IMPLEMENTATIONS = YES;
				CLANG_WARN_DIRECT_OBJC_ISA_USAGE = YES_ERROR;
				CLANG_WARN_DOCUMENTATION_COMMENTS = YES;
				CLANG_WARN_EMPTY_BODY = YES;
				CLANG_WARN_ENUM_CONVERSION = YES;
				CLANG_WARN_INFINITE_RECURSION = YES;
				CLANG_WARN_INT_CONVERSION = YES;
				CLANG_WARN_NON_LITERAL_NULL_CONVERSION = YES;
				CLANG_WARN_OBJC_IMPLICIT_RETAIN_SELF = YES;
				CLANG_WARN_OBJC_LITERAL_CONVERSION = YES;
				CLANG_WARN_OBJC_ROOT_CLASS = YES_ERROR;
				CLANG_WARN_RANGE_LOOP_ANALYSIS = YES;
				CLANG_WARN_STRICT_PROTOTYPES = YES;
				CLANG_WARN_SUSPICIOUS_MOVE = YES;
				CLANG_WARN_UNGUARDED_AVAILABILITY = YES_AGGRESSIVE;
				CLANG_WARN_UNREACHABLE_CODE = YES;
				CLANG_WARN__DUPLICATE_METHOD_MATCH = YES;
				CODE_SIGN_IDENTITY = "iPhone Developer";
				COPY_PHASE_STRIP = NO;
				DEBUG_INFORMATION_FORMAT = dwarf;
				ENABLE_STRICT_OBJC_MSGSEND = YES;
				ENABLE_TESTABILITY = YES;
				GCC_C_LANGUAGE_STANDARD = gnu11;
				GCC_DYNAMIC_NO_PIC = NO;
				GCC_NO_COMMON_BLOCKS = YES;
				GCC_OPTIMIZATION_LEVEL = 0;
				GCC_PREPROCESSOR_DEFINITIONS = (
					"DEBUG=1",
					"$(inherited)",
				);
				GCC_WARN_64_TO_32_BIT_CONVERSION = YES;
				GCC_WARN_ABOUT_RETURN_TYPE = YES_ERROR;
				GCC_WARN_UNDECLARED_SELECTOR = YES;
				GCC_WARN_UNINITIALIZED_AUTOS = YES_AGGRESSIVE;
				GCC_WARN_UNUSED_FUNCTION = YES;
				GCC_WARN_UNUSED_VARIABLE = YES;
				IPHONEOS_DEPLOYMENT_TARGET = 11.4;
				MTL_ENABLE_DEBUG_INFO = YES;
				ONLY_ACTIVE_ARCH = YES;
				SDKROOT = iphoneos;
				SWIFT_ACTIVE_COMPILATION_CONDITIONS = DEBUG;
				SWIFT_OPTIMIZATION_LEVEL = "-Onone";
			};
			name = Debug;
		};
		63436CA9214374F6002A6EC6 /* Release */ = {
			isa = XCBuildConfiguration;
			buildSettings = {
				ALWAYS_SEARCH_USER_PATHS = NO;
				CLANG_ANALYZER_NONNULL = YES;
				CLANG_ANALYZER_NUMBER_OBJECT_CONVERSION = YES_AGGRESSIVE;
				CLANG_CXX_LANGUAGE_STANDARD = "gnu++14";
				CLANG_CXX_LIBRARY = "libc++";
				CLANG_ENABLE_MODULES = YES;
				CLANG_ENABLE_OBJC_ARC = YES;
				CLANG_ENABLE_OBJC_WEAK = YES;
				CLANG_WARN_BLOCK_CAPTURE_AUTORELEASING = YES;
				CLANG_WARN_BOOL_CONVERSION = YES;
				CLANG_WARN_COMMA = YES;
				CLANG_WARN_CONSTANT_CONVERSION = YES;
				CLANG_WARN_DEPRECATED_OBJC_IMPLEMENTATIONS = YES;
				CLANG_WARN_DIRECT_OBJC_ISA_USAGE = YES_ERROR;
				CLANG_WARN_DOCUMENTATION_COMMENTS = YES;
				CLANG_WARN_EMPTY_BODY = YES;
				CLANG_WARN_ENUM_CONVERSION = YES;
				CLANG_WARN_INFINITE_RECURSION = YES;
				CLANG_WARN_INT_CONVERSION = YES;
				CLANG_WARN_NON_LITERAL_NULL_CONVERSION = YES;
				CLANG_WARN_OBJC_IMPLICIT_RETAIN_SELF = YES;
				CLANG_WARN_OBJC_LITERAL_CONVERSION = YES;
				CLANG_WARN_OBJC_ROOT_CLASS = YES_ERROR;
				CLANG_WARN_RANGE_LOOP_ANALYSIS = YES;
				CLANG_WARN_STRICT_PROTOTYPES = YES;
				CLANG_WARN_SUSPICIOUS_MOVE = YES;
				CLANG_WARN_UNGUARDED_AVAILABILITY = YES_AGGRESSIVE;
				CLANG_WARN_UNREACHABLE_CODE = YES;
				CLANG_WARN__DUPLICATE_METHOD_MATCH = YES;
				CODE_SIGN_IDENTITY = "iPhone Developer";
				COPY_PHASE_STRIP = NO;
				DEBUG_INFORMATION_FORMAT = "dwarf-with-dsym";
				ENABLE_NS_ASSERTIONS = NO;
				ENABLE_STRICT_OBJC_MSGSEND = YES;
				GCC_C_LANGUAGE_STANDARD = gnu11;
				GCC_NO_COMMON_BLOCKS = YES;
				GCC_WARN_64_TO_32_BIT_CONVERSION = YES;
				GCC_WARN_ABOUT_RETURN_TYPE = YES_ERROR;
				GCC_WARN_UNDECLARED_SELECTOR = YES;
				GCC_WARN_UNINITIALIZED_AUTOS = YES_AGGRESSIVE;
				GCC_WARN_UNUSED_FUNCTION = YES;
				GCC_WARN_UNUSED_VARIABLE = YES;
				IPHONEOS_DEPLOYMENT_TARGET = 11.4;
				MTL_ENABLE_DEBUG_INFO = NO;
				SDKROOT = iphoneos;
				SWIFT_COMPILATION_MODE = wholemodule;
				SWIFT_OPTIMIZATION_LEVEL = "-O";
				VALIDATE_PRODUCT = YES;
			};
			name = Release;
		};
		63436CAB214374F6002A6EC6 /* Debug */ = {
			isa = XCBuildConfiguration;
			buildSettings = {
				ASSETCATALOG_COMPILER_APPICON_NAME = AppIcon;
				CODE_SIGN_STYLE = Automatic;
				DEVELOPMENT_TEAM = 42T65W8L3Z;
				INFOPLIST_FILE = CapScape/Info.plist;
				LD_RUNPATH_SEARCH_PATHS = (
					"$(inherited)",
					"@executable_path/Frameworks",
				);
				PRODUCT_BUNDLE_IDENTIFIER = com.davidhartzog.CapScape;
				PRODUCT_NAME = "$(TARGET_NAME)";
				SWIFT_VERSION = 4.0;
				TARGETED_DEVICE_FAMILY = "1,2";
			};
			name = Debug;
		};
		63436CAC214374F6002A6EC6 /* Release */ = {
			isa = XCBuildConfiguration;
			buildSettings = {
				ASSETCATALOG_COMPILER_APPICON_NAME = AppIcon;
				CODE_SIGN_STYLE = Automatic;
				DEVELOPMENT_TEAM = 42T65W8L3Z;
				INFOPLIST_FILE = CapScape/Info.plist;
				LD_RUNPATH_SEARCH_PATHS = (
					"$(inherited)",
					"@executable_path/Frameworks",
				);
				PRODUCT_BUNDLE_IDENTIFIER = com.davidhartzog.CapScape;
				PRODUCT_NAME = "$(TARGET_NAME)";
				SWIFT_VERSION = 4.0;
				TARGETED_DEVICE_FAMILY = "1,2";
			};
			name = Release;
		};
/* End XCBuildConfiguration section */

/* Begin XCConfigurationList section */
		63436C90214374F3002A6EC6 /* Build configuration list for PBXProject "CapScape" */ = {
			isa = XCConfigurationList;
			buildConfigurations = (
				63436CA8214374F6002A6EC6 /* Debug */,
				63436CA9214374F6002A6EC6 /* Release */,
			);
			defaultConfigurationIsVisible = 0;
			defaultConfigurationName = Release;
		};
		63436CAA214374F6002A6EC6 /* Build configuration list for PBXNativeTarget "CapScape" */ = {
			isa = XCConfigurationList;
			buildConfigurations = (
				63436CAB214374F6002A6EC6 /* Debug */,
				63436CAC214374F6002A6EC6 /* Release */,
			);
			defaultConfigurationIsVisible = 0;
			defaultConfigurationName = Release;
		};
/* End XCConfigurationList section */

/* Begin XCVersionGroup section */
		63436C9F214374F3002A6EC6 /* CapScape.xcdatamodeld */ = {
			isa = XCVersionGroup;
			children = (
				63436CA0214374F3002A6EC6 /* CapScape.xcdatamodel */,
			);
			currentVersion = 63436CA0214374F3002A6EC6 /* CapScape.xcdatamodel */;
			path = CapScape.xcdatamodeld;
			sourceTree = "<group>";
			versionGroupType = wrapper.xcdatamodel;
		};
/* End XCVersionGroup section */
	};
	rootObject = 63436C8D214374F3002A6EC6 /* Project object */;
}
